// !$*UTF8*$!
{
	archiveVersion = 1;
	classes = {
	};
	objectVersion = 46;
	objects = {

/* Begin PBXBuildFile section */
		8F13DC581B0A6866002BBF64 /* main.cpp in Sources */ = {isa = PBXBuildFile; fileRef = 8F13DC571B0A6866002BBF64 /* main.cpp */; };
/* End PBXBuildFile section */

/* Begin PBXCopyFilesBuildPhase section */
		8F13DC521B0A6866002BBF64 /* CopyFiles */ = {
			isa = PBXCopyFilesBuildPhase;
			buildActionMask = 2147483647;
			dstPath = /usr/share/man/man1/;
			dstSubfolderSpec = 0;
			files = (
			);
			runOnlyForDeploymentPostprocessing = 1;
		};
/* End PBXCopyFilesBuildPhase section */

/* Begin PBXFileReference section */
		8F13DC541B0A6866002BBF64 /* Merge-Sort-with-Inversions */ = {isa = PBXFileReference; explicitFileType = "compiled.mach-o.executable"; includeInIndex = 0; path = "Merge-Sort-with-Inversions"; sourceTree = BUILT_PRODUCTS_DIR; };
		8F13DC571B0A6866002BBF64 /* main.cpp */ = {isa = PBXFileReference; lastKnownFileType = sourcecode.cpp.cpp; path = main.cpp; sourceTree = "<group>"; };
/* End PBXFileReference section */

/* Begin PBXFrameworksBuildPhase section */
		8F13DC511B0A6866002BBF64 /* Frameworks */ = {
			isa = PBXFrameworksBuildPhase;
			buildActionMask = 2147483647;
			files = (
			);
			runOnlyForDeploymentPostprocessing = 0;
		};
/* End PBXFrameworksBuildPhase section */

/* Begin PBXGroup section */
		8F13DC4B1B0A6866002BBF64 = {
			isa = PBXGroup;
			children = (
				8F13DC561B0A6866002BBF64 /* Merge-Sort-with-Inversions */,
				8F13DC551B0A6866002BBF64 /* Products */,
			);
			sourceTree = "<group>";
		};
		8F13DC551B0A6866002BBF64 /* Products */ = {
			isa = PBXGroup;
			children = (
				8F13DC541B0A6866002BBF64 /* Merge-Sort-with-Inversions */,
			);
			name = Products;
			sourceTree = "<group>";
		};
		8F13DC561B0A6866002BBF64 /* Merge-Sort-with-Inversions */ = {
			isa = PBXGroup;
			children = (
				8F13DC571B0A6866002BBF64 /* main.cpp */,
			);
			path = "Merge-Sort-with-Inversions";
			sourceTree = "<group>";
		};
/* End PBXGroup section */

/* Begin PBXNativeTarget section */
		8F13DC531B0A6866002BBF64 /* Merge-Sort-with-Inversions */ = {
			isa = PBXNativeTarget;
			buildConfigurationList = 8F13DC5B1B0A6866002BBF64 /* Build configuration list for PBXNativeTarget "Merge-Sort-with-Inversions" */;
			buildPhases = (
				8F13DC501B0A6866002BBF64 /* Sources */,
				8F13DC511B0A6866002BBF64 /* Frameworks */,
				8F13DC521B0A6866002BBF64 /* CopyFiles */,
			);
			buildRules = (
			);
			dependencies = (
			);
			name = "Merge-Sort-with-Inversions";
			productName = "Merge-Sort-with-Inversions";
			productReference = 8F13DC541B0A6866002BBF64 /* Merge-Sort-with-Inversions */;
			productType = "com.apple.product-type.tool";
		};
/* End PBXNativeTarget section */

/* Begin PBXProject section */
		8F13DC4C1B0A6866002BBF64 /* Project object */ = {
			isa = PBXProject;
			attributes = {
				LastUpgradeCheck = 0610;
				ORGANIZATIONNAME = "Anirudh Shekhawat";
				TargetAttributes = {
					8F13DC531B0A6866002BBF64 = {
						CreatedOnToolsVersion = 6.1;
					};
				};
			};
			buildConfigurationList = 8F13DC4F1B0A6866002BBF64 /* Build configuration list for PBXProject "Merge-Sort-with-Inversions" */;
			compatibilityVersion = "Xcode 3.2";
			developmentRegion = English;
			hasScannedForEncodings = 0;
			knownRegions = (
				en,
			);
			mainGroup = 8F13DC4B1B0A6866002BBF64;
			productRefGroup = 8F13DC551B0A6866002BBF64 /* Products */;
			projectDirPath = "";
			projectRoot = "";
			targets = (
				8F13DC531B0A6866002BBF64 /* Merge-Sort-with-Inversions */,
			);
		};
/* End PBXProject section */

/* Begin PBXSourcesBuildPhase section */
		8F13DC501B0A6866002BBF64 /* Sources */ = {
			isa = PBXSourcesBuildPhase;
			buildActionMask = 2147483647;
			files = (
				8F13DC581B0A6866002BBF64 /* main.cpp in Sources */,
			);
			runOnlyForDeploymentPostprocessing = 0;
		};
/* End PBXSourcesBuildPhase section */

/* Begin XCBuildConfiguration section */
		8F13DC591B0A6866002BBF64 /* Debug */ = {
			isa = XCBuildConfiguration;
			buildSettings = {
				ALWAYS_SEARCH_USER_PATHS = NO;
				CLANG_CXX_LANGUAGE_STANDARD = "gnu++0x";
				CLANG_CXX_LIBRARY = "libc++";
				CLANG_ENABLE_MODULES = YES;
				CLANG_ENABLE_OBJC_ARC = YES;
				CLANG_WARN_BOOL_CONVERSION = YES;
				CLANG_WARN_CONSTANT_CONVERSION = YES;
				CLANG_WARN_DIRECT_OBJC_ISA_USAGE = YES_ERROR;
				CLANG_WARN_EMPTY_BODY = YES;
				CLANG_WARN_ENUM_CONVERSION = YES;
				CLANG_WARN_INT_CONVERSION = YES;
				CLANG_WARN_OBJC_ROOT_CLASS = YES_ERROR;
				CLANG_WARN_UNREACHABLE_CODE = YES;
				CLANG_WARN__DUPLICATE_METHOD_MATCH = YES;
				COPY_PHASE_STRIP = NO;
				ENABLE_STRICT_OBJC_MSGSEND = YES;
				GCC_C_LANGUAGE_STANDARD = gnu99;
				GCC_DYNAMIC_NO_PIC = NO;
				GCC_OPTIMIZATION_LEVEL = 0;
				GCC_PREPROCESSOR_DEFINITIONS = (
					"DEBUG=1",
					"$(inherited)",
				);
				GCC_SYMBOLS_PRIVATE_EXTERN = NO;
				GCC_WARN_64_TO_32_BIT_CONVERSION = YES;
				GCC_WARN_ABOUT_RETURN_TYPE = YES_ERROR;
				GCC_WARN_UNDECLARED_SELECTOR = YES;
				GCC_WARN_UNINITIALIZED_AUTOS = YES_AGGRESSIVE;
				GCC_WARN_UNUSED_FUNCTION = YES;
				GCC_WARN_UNUSED_VARIABLE = YES;
				MACOSX_DEPLOYMENT_TARGET = 10.10;
				MTL_ENABLE_DEBUG_INFO = YES;
				ONLY_ACTIVE_ARCH = YES;
				SDKROOT = macosx;
			};
			name = Debug;
		};
		8F13DC5A1B0A6866002BBF64 /* Release */ = {
			isa = XCBuildConfiguration;
			buildSettings = {
				ALWAYS_SEARCH_USER_PATHS = NO;
				CLANG_CXX_LANGUAGE_STANDARD = "gnu++0x";
				CLANG_CXX_LIBRARY = "libc++";
				CLANG_ENABLE_MODULES = YES;
				CLANG_ENABLE_OBJC_ARC = YES;
				CLANG_WARN_BOOL_CONVERSION = YES;
				CLANG_WARN_CONSTANT_CONVERSION = YES;
				CLANG_WARN_DIRECT_OBJC_ISA_USAGE = YES_ERROR;
				CLANG_WARN_EMPTY_BODY = YES;
				CLANG_WARN_ENUM_CONVERSION = YES;
				CLANG_WARN_INT_CONVERSION = YES;
				CLANG_WARN_OBJC_ROOT_CLASS = YES_ERROR;
				CLANG_WARN_UNREACHABLE_CODE = YES;
				CLANG_WARN__DUPLICATE_METHOD_MATCH = YES;
				COPY_PHASE_STRIP = YES;
				DEBUG_INFORMATION_FORMAT = "dwarf-with-dsym";
				ENABLE_NS_ASSERTIONS = NO;
				ENABLE_STRICT_OBJC_MSGSEND = YES;
				GCC_C_LANGUAGE_STANDARD = gnu99;
				GCC_WARN_64_TO_32_BIT_CONVERSION = YES;
				GCC_WARN_ABOUT_RETURN_TYPE = YES_ERROR;
				GCC_WARN_UNDECLARED_SELECTOR = YES;
				GCC_WARN_UNINITIALIZED_AUTOS = YES_AGGRESSIVE;
				GCC_WARN_UNUSED_FUNCTION = YES;
				GCC_WARN_UNUSED_VARIABLE = YES;
				MACOSX_DEPLOYMENT_TARGET = 10.10;
				MTL_ENABLE_DEBUG_INFO = NO;
				SDKROOT = macosx;
			};
			name = Release;
		};
		8F13DC5C1B0A6866002BBF64 /* Debug */ = {
			isa = XCBuildConfiguration;
			buildSettings = {
				PRODUCT_NAME = "$(TARGET_NAME)";
			};
			name = Debug;
		};
		8F13DC5D1B0A6866002BBF64 /* Release */ = {
			isa = XCBuildConfiguration;
			buildSettings = {
				PRODUCT_NAME = "$(TARGET_NAME)";
			};
			name = Release;
		};
/* End XCBuildConfiguration section */

/* Begin XCConfigurationList section */
		8F13DC4F1B0A6866002BBF64 /* Build configuration list for PBXProject "Merge-Sort-with-Inversions" */ = {
			isa = XCConfigurationList;
			buildConfigurations = (
				8F13DC591B0A6866002BBF64 /* Debug */,
				8F13DC5A1B0A6866002BBF64 /* Release */,
			);
			defaultConfigurationIsVisible = 0;
			defaultConfigurationName = Release;
		};
		8F13DC5B1B0A6866002BBF64 /* Build configuration list for PBXNativeTarget "Merge-Sort-with-Inversions" */ = {
			isa = XCConfigurationList;
			buildConfigurations = (
				8F13DC5C1B0A6866002BBF64 /* Debug */,
				8F13DC5D1B0A6866002BBF64 /* Release */,
			);
			defaultConfigurationIsVisible = 0;
		};
/* End XCConfigurationList section */
	};
	rootObject = 8F13DC4C1B0A6866002BBF64 /* Project object */;
}
